{
    "name": "hello-sequelize",
    "version": "1.0.0",
    "lockfileVersion": 1,
    "requires": true,
    "dependencies": {
        "mysql": {
            "version": "2.11.1",
            "resolved": "https://registry.npmjs.org/mysql/-/mysql-2.11.1.tgz",
            "integrity": "sha1-e9v9pHcUH9Fe7sK3EDIMDSDOfQg="
        },
        "sequelize": {
            "version": "3.24.1",
            "resolved": "https://registry.npmjs.org/sequelize/-/sequelize-3.24.1.tgz",
            "integrity": "sha1-2SkDvxukqwzROO2xWmxCB4/T22k="
        }
    }
}
